
Microsoft Visual Studio Solution File, Format Version 12.00
# Visual Studio Version 17
VisualStudioVersion = 17.10.35004.147
MinimumVisualStudioVersion = 10.0.40219.1
Project("{FAE04EC0-301F-11D3-BF4B-00C04F79EFBC}") = "Assement-SW-O1", "Assement-SW-O1\Assement-SW-O1.csproj", "{56377F8C-32F6-433B-97C6-742F1A6BEA43}"
EndProject
Global
	GlobalSection(SolutionConfigurationPlatforms) = preSolution
		Debug|Any CPU = Debug|Any CPU
		Release|Any CPU = Release|Any CPU
	EndGlobalSection
	GlobalSection(ProjectConfigurationPlatforms) = postSolution
		{56377F8C-32F6-433B-97C6-742F1A6BEA43}.Debug|Any CPU.ActiveCfg = Debug|Any CPU
		{56377F8C-32F6-433B-97C6-742F1A6BEA43}.Debug|Any CPU.Build.0 = Debug|Any CPU
		{56377F8C-32F6-433B-97C6-742F1A6BEA43}.Release|Any CPU.ActiveCfg = Release|Any CPU
		{56377F8C-32F6-433B-97C6-742F1A6BEA43}.Release|Any CPU.Build.0 = Release|Any CPU
	EndGlobalSection
	GlobalSection(SolutionProperties) = preSolution
		HideSolutionNode = FALSE
	EndGlobalSection
	GlobalSection(ExtensibilityGlobals) = postSolution
		SolutionGuid = {D3E2E8D6-F631-4768-9A68-C29DC69CEEE8}
	EndGlobalSection
EndGlobal
